fyne.io/fyne/v2 v2.4.3 h1:v2wncjEAcwXZ8UNmTCWTGL9+sGyPc5RuzBvM96GcC78=
fyne.io/fyne/v2 v2.4.3/go.mod h1:1h3BKxmQYRJlr2g+RGVxedzr6vLVQ/AJmFWcF9CJnoQ=
github.com/rs/cors v1.10.1 h1:L0uuZVXIKlI1SShY2nhFfo44TYvDPQ1w4oFkUJNfhyo=
github.com/rs/cors v1.10.1/go.mod h1:XyqrcTp5zjWr1wsJ8PIRZssZ8b/WMcMf71DJnit4EMU=
